// !$*UTF8*$!
{
	archiveVersion = 1;
	classes = {
	};
	objectVersion = 46;
	objects = {

/* Begin PBXBuildFile section */
		81EF6DD11CDDE85700FC9E70 /* main.m in Sources */ = {isa = PBXBuildFile; fileRef = 81EF6DD01CDDE85700FC9E70 /* main.m */; };
		81EF6DD41CDDE85700FC9E70 /* AppDelegate.m in Sources */ = {isa = PBXBuildFile; fileRef = 81EF6DD31CDDE85700FC9E70 /* AppDelegate.m */; };
		81EF6DD71CDDE85700FC9E70 /* ViewController.m in Sources */ = {isa = PBXBuildFile; fileRef = 81EF6DD61CDDE85700FC9E70 /* ViewController.m */; };
		81EF6DDA1CDDE85700FC9E70 /* Main.storyboard in Resources */ = {isa = PBXBuildFile; fileRef = 81EF6DD81CDDE85700FC9E70 /* Main.storyboard */; };
		81EF6DDC1CDDE85700FC9E70 /* Assets.xcassets in Resources */ = {isa = PBXBuildFile; fileRef = 81EF6DDB1CDDE85700FC9E70 /* Assets.xcassets */; };
		81EF6DDF1CDDE85700FC9E70 /* LaunchScreen.storyboard in Resources */ = {isa = PBXBuildFile; fileRef = 81EF6DDD1CDDE85700FC9E70 /* LaunchScreen.storyboard */; };
		81EF6DE71CDDE9AF00FC9E70 /* StoreKit.framework in Frameworks */ = {isa = PBXBuildFile; fileRef = 81EF6DE61CDDE9AF00FC9E70 /* StoreKit.framework */; };
/* End PBXBuildFile section */

/* Begin PBXFileReference section */
		81EF6DCC1CDDE85700FC9E70 /* 应用内支付例子.app */ = {isa = PBXFileReference; explicitFileType = wrapper.application; includeInIndex = 0; path = "应用内支付例子.app"; sourceTree = BUILT_PRODUCTS_DIR; };
		81EF6DD01CDDE85700FC9E70 /* main.m */ = {isa = PBXFileReference; lastKnownFileType = sourcecode.c.objc; path = main.m; sourceTree = "<group>"; };
		81EF6DD21CDDE85700FC9E70 /* AppDelegate.h */ = {isa = PBXFileReference; lastKnownFileType = sourcecode.c.h; path = AppDelegate.h; sourceTree = "<group>"; };
		81EF6DD31CDDE85700FC9E70 /* AppDelegate.m */ = {isa = PBXFileReference; lastKnownFileType = sourcecode.c.objc; path = AppDelegate.m; sourceTree = "<group>"; };
		81EF6DD51CDDE85700FC9E70 /* ViewController.h */ = {isa = PBXFileReference; lastKnownFileType = sourcecode.c.h; path = ViewController.h; sourceTree = "<group>"; };
		81EF6DD61CDDE85700FC9E70 /* ViewController.m */ = {isa = PBXFileReference; lastKnownFileType = sourcecode.c.objc; path = ViewController.m; sourceTree = "<group>"; };
		81EF6DD91CDDE85700FC9E70 /* Base */ = {isa = PBXFileReference; lastKnownFileType = file.storyboard; name = Base; path = Base.lproj/Main.storyboard; sourceTree = "<group>"; };
		81EF6DDB1CDDE85700FC9E70 /* Assets.xcassets */ = {isa = PBXFileReference; lastKnownFileType = folder.assetcatalog; path = Assets.xcassets; sourceTree = "<group>"; };
		81EF6DDE1CDDE85700FC9E70 /* Base */ = {isa = PBXFileReference; lastKnownFileType = file.storyboard; name = Base; path = Base.lproj/LaunchScreen.storyboard; sourceTree = "<group>"; };
		81EF6DE01CDDE85700FC9E70 /* Info.plist */ = {isa = PBXFileReference; lastKnownFileType = text.plist.xml; path = Info.plist; sourceTree = "<group>"; };
		81EF6DE61CDDE9AF00FC9E70 /* StoreKit.framework */ = {isa = PBXFileReference; lastKnownFileType = wrapper.framework; name = StoreKit.framework; path = System/Library/Frameworks/StoreKit.framework; sourceTree = SDKROOT; };
/* End PBXFileReference section */

/* Begin PBXFrameworksBuildPhase section */
		81EF6DC91CDDE85700FC9E70 /* Frameworks */ = {
			isa = PBXFrameworksBuildPhase;
			buildActionMask = 2147483647;
			files = (
				81EF6DE71CDDE9AF00FC9E70 /* StoreKit.framework in Frameworks */,
			);
			runOnlyForDeploymentPostprocessing = 0;
		};
/* End PBXFrameworksBuildPhase section */

/* Begin PBXGroup section */
		81EF6DC31CDDE85700FC9E70 = {
			isa = PBXGroup;
			children = (
				81EF6DE61CDDE9AF00FC9E70 /* StoreKit.framework */,
				81EF6DCE1CDDE85700FC9E70 /* 应用内支付例子 */,
				81EF6DCD1CDDE85700FC9E70 /* Products */,
			);
			sourceTree = "<group>";
		};
		81EF6DCD1CDDE85700FC9E70 /* Products */ = {
			isa = PBXGroup;
			children = (
				81EF6DCC1CDDE85700FC9E70 /* 应用内支付例子.app */,
			);
			name = Products;
			sourceTree = "<group>";
		};
		81EF6DCE1CDDE85700FC9E70 /* 应用内支付例子 */ = {
			isa = PBXGroup;
			children = (
				81EF6DD21CDDE85700FC9E70 /* AppDelegate.h */,
				81EF6DD31CDDE85700FC9E70 /* AppDelegate.m */,
				81EF6DD51CDDE85700FC9E70 /* ViewController.h */,
				81EF6DD61CDDE85700FC9E70 /* ViewController.m */,
				81EF6DD81CDDE85700FC9E70 /* Main.storyboard */,
				81EF6DDB1CDDE85700FC9E70 /* Assets.xcassets */,
				81EF6DDD1CDDE85700FC9E70 /* LaunchScreen.storyboard */,
				81EF6DE01CDDE85700FC9E70 /* Info.plist */,
				81EF6DCF1CDDE85700FC9E70 /* Supporting Files */,
			);
			path = "应用内支付例子";
			sourceTree = "<group>";
		};
		81EF6DCF1CDDE85700FC9E70 /* Supporting Files */ = {
			isa = PBXGroup;
			children = (
				81EF6DD01CDDE85700FC9E70 /* main.m */,
			);
			name = "Supporting Files";
			sourceTree = "<group>";
		};
/* End PBXGroup section */

/* Begin PBXNativeTarget section */
		81EF6DCB1CDDE85700FC9E70 /* 应用内支付例子 */ = {
			isa = PBXNativeTarget;
			buildConfigurationList = 81EF6DE31CDDE85700FC9E70 /* Build configuration list for PBXNativeTarget "应用内支付例子" */;
			buildPhases = (
				81EF6DC81CDDE85700FC9E70 /* Sources */,
				81EF6DC91CDDE85700FC9E70 /* Frameworks */,
				81EF6DCA1CDDE85700FC9E70 /* Resources */,
			);
			buildRules = (
			);
			dependencies = (
			);
			name = "应用内支付例子";
			productName = "应用内支付例子";
			productReference = 81EF6DCC1CDDE85700FC9E70 /* 应用内支付例子.app */;
			productType = "com.apple.product-type.application";
		};
/* End PBXNativeTarget section */

/* Begin PBXProject section */
		81EF6DC41CDDE85700FC9E70 /* Project object */ = {
			isa = PBXProject;
			attributes = {
				LastUpgradeCheck = 0730;
				ORGANIZATIONNAME = "chen xiaosong";
				TargetAttributes = {
					81EF6DCB1CDDE85700FC9E70 = {
						CreatedOnToolsVersion = 7.3;
					};
				};
			};
			buildConfigurationList = 81EF6DC71CDDE85700FC9E70 /* Build configuration list for PBXProject "应用内支付例子" */;
			compatibilityVersion = "Xcode 3.2";
			developmentRegion = English;
			hasScannedForEncodings = 0;
			knownRegions = (
				en,
				Base,
			);
			mainGroup = 81EF6DC31CDDE85700FC9E70;
			productRefGroup = 81EF6DCD1CDDE85700FC9E70 /* Products */;
			projectDirPath = "";
			projectRoot = "";
			targets = (
				81EF6DCB1CDDE85700FC9E70 /* 应用内支付例子 */,
			);
		};
/* End PBXProject section */

/* Begin PBXResourcesBuildPhase section */
		81EF6DCA1CDDE85700FC9E70 /* Resources */ = {
			isa = PBXResourcesBuildPhase;
			buildActionMask = 2147483647;
			files = (
				81EF6DDF1CDDE85700FC9E70 /* LaunchScreen.storyboard in Resources */,
				81EF6DDC1CDDE85700FC9E70 /* Assets.xcassets in Resources */,
				81EF6DDA1CDDE85700FC9E70 /* Main.storyboard in Resources */,
			);
			runOnlyForDeploymentPostprocessing = 0;
		};
/* End PBXResourcesBuildPhase section */

/* Begin PBXSourcesBuildPhase section */
		81EF6DC81CDDE85700FC9E70 /* Sources */ = {
			isa = PBXSourcesBuildPhase;
			buildActionMask = 2147483647;
			files = (
				81EF6DD71CDDE85700FC9E70 /* ViewController.m in Sources */,
				81EF6DD41CDDE85700FC9E70 /* AppDelegate.m in Sources */,
				81EF6DD11CDDE85700FC9E70 /* main.m in Sources */,
			);
			runOnlyForDeploymentPostprocessing = 0;
		};
/* End PBXSourcesBuildPhase section */

/* Begin PBXVariantGroup section */
		81EF6DD81CDDE85700FC9E70 /* Main.storyboard */ = {
			isa = PBXVariantGroup;
			children = (
				81EF6DD91CDDE85700FC9E70 /* Base */,
			);
			name = Main.storyboard;
			sourceTree = "<group>";
		};
		81EF6DDD1CDDE85700FC9E70 /* LaunchScreen.storyboard */ = {
			isa = PBXVariantGroup;
			children = (
				81EF6DDE1CDDE85700FC9E70 /* Base */,
			);
			name = LaunchScreen.storyboard;
			sourceTree = "<group>";
		};
/* End PBXVariantGroup section */

/* Begin XCBuildConfiguration section */
		81EF6DE11CDDE85700FC9E70 /* Debug */ = {
			isa = XCBuildConfiguration;
			buildSettings = {
				ALWAYS_SEARCH_USER_PATHS = NO;
				CLANG_ANALYZER_NONNULL = YES;
				CLANG_CXX_LANGUAGE_STANDARD = "gnu++0x";
				CLANG_CXX_LIBRARY = "libc++";
				CLANG_ENABLE_MODULES = YES;
				CLANG_ENABLE_OBJC_ARC = YES;
				CLANG_WARN_BOOL_CONVERSION = YES;
				CLANG_WARN_CONSTANT_CONVERSION = YES;
				CLANG_WARN_DIRECT_OBJC_ISA_USAGE = YES_ERROR;
				CLANG_WARN_EMPTY_BODY = YES;
				CLANG_WARN_ENUM_CONVERSION = YES;
				CLANG_WARN_INT_CONVERSION = YES;
				CLANG_WARN_OBJC_ROOT_CLASS = YES_ERROR;
				CLANG_WARN_UNREACHABLE_CODE = YES;
				CLANG_WARN__DUPLICATE_METHOD_MATCH = YES;
				"CODE_SIGN_IDENTITY[sdk=iphoneos*]" = "iPhone Developer";
				COPY_PHASE_STRIP = NO;
				DEBUG_INFORMATION_FORMAT = dwarf;
				ENABLE_STRICT_OBJC_MSGSEND = YES;
				ENABLE_TESTABILITY = YES;
				GCC_C_LANGUAGE_STANDARD = gnu99;
				GCC_DYNAMIC_NO_PIC = NO;
				GCC_NO_COMMON_BLOCKS = YES;
				GCC_OPTIMIZATION_LEVEL = 0;
				GCC_PREPROCESSOR_DEFINITIONS = (
					"DEBUG=1",
					"$(inherited)",
				);
				GCC_WARN_64_TO_32_BIT_CONVERSION = YES;
				GCC_WARN_ABOUT_RETURN_TYPE = YES_ERROR;
				GCC_WARN_UNDECLARED_SELECTOR = YES;
				GCC_WARN_UNINITIALIZED_AUTOS = YES_AGGRESSIVE;
				GCC_WARN_UNUSED_FUNCTION = YES;
				GCC_WARN_UNUSED_VARIABLE = YES;
				IPHONEOS_DEPLOYMENT_TARGET = 9.3;
				MTL_ENABLE_DEBUG_INFO = YES;
				ONLY_ACTIVE_ARCH = YES;
				SDKROOT = iphoneos;
			};
			name = Debug;
		};
		81EF6DE21CDDE85700FC9E70 /* Release */ = {
			isa = XCBuildConfiguration;
			buildSettings = {
				ALWAYS_SEARCH_USER_PATHS = NO;
				CLANG_ANALYZER_NONNULL = YES;
				CLANG_CXX_LANGUAGE_STANDARD = "gnu++0x";
				CLANG_CXX_LIBRARY = "libc++";
				CLANG_ENABLE_MODULES = YES;
				CLANG_ENABLE_OBJC_ARC = YES;
				CLANG_WARN_BOOL_CONVERSION = YES;
				CLANG_WARN_CONSTANT_CONVERSION = YES;
				CLANG_WARN_DIRECT_OBJC_ISA_USAGE = YES_ERROR;
				CLANG_WARN_EMPTY_BODY = YES;
				CLANG_WARN_ENUM_CONVERSION = YES;
				CLANG_WARN_INT_CONVERSION = YES;
				CLANG_WARN_OBJC_ROOT_CLASS = YES_ERROR;
				CLANG_WARN_UNREACHABLE_CODE = YES;
				CLANG_WARN__DUPLICATE_METHOD_MATCH = YES;
				"CODE_SIGN_IDENTITY[sdk=iphoneos*]" = "iPhone Developer";
				COPY_PHASE_STRIP = NO;
				DEBUG_INFORMATION_FORMAT = "dwarf-with-dsym";
				ENABLE_NS_ASSERTIONS = NO;
				ENABLE_STRICT_OBJC_MSGSEND = YES;
				GCC_C_LANGUAGE_STANDARD = gnu99;
				GCC_NO_COMMON_BLOCKS = YES;
				GCC_WARN_64_TO_32_BIT_CONVERSION = YES;
				GCC_WARN_ABOUT_RETURN_TYPE = YES_ERROR;
				GCC_WARN_UNDECLARED_SELECTOR = YES;
				GCC_WARN_UNINITIALIZED_AUTOS = YES_AGGRESSIVE;
				GCC_WARN_UNUSED_FUNCTION = YES;
				GCC_WARN_UNUSED_VARIABLE = YES;
				IPHONEOS_DEPLOYMENT_TARGET = 9.3;
				MTL_ENABLE_DEBUG_INFO = NO;
				SDKROOT = iphoneos;
				VALIDATE_PRODUCT = YES;
			};
			name = Release;
		};
		81EF6DE41CDDE85700FC9E70 /* Debug */ = {
			isa = XCBuildConfiguration;
			buildSettings = {
				ASSETCATALOG_COMPILER_APPICON_NAME = AppIcon;
				INFOPLIST_FILE = "应用内支付例子/Info.plist";
				LD_RUNPATH_SEARCH_PATHS = "$(inherited) @executable_path/Frameworks";
				PRODUCT_BUNDLE_IDENTIFIER = com.hellosns.tomatoclock;
				PRODUCT_NAME = "$(TARGET_NAME)";
			};
			name = Debug;
		};
		81EF6DE51CDDE85700FC9E70 /* Release */ = {
			isa = XCBuildConfiguration;
			buildSettings = {
				ASSETCATALOG_COMPILER_APPICON_NAME = AppIcon;
				INFOPLIST_FILE = "应用内支付例子/Info.plist";
				LD_RUNPATH_SEARCH_PATHS = "$(inherited) @executable_path/Frameworks";
				PRODUCT_BUNDLE_IDENTIFIER = com.hellosns.tomatoclock;
				PRODUCT_NAME = "$(TARGET_NAME)";
			};
			name = Release;
		};
/* End XCBuildConfiguration section */

/* Begin XCConfigurationList section */
		81EF6DC71CDDE85700FC9E70 /* Build configuration list for PBXProject "应用内支付例子" */ = {
			isa = XCConfigurationList;
			buildConfigurations = (
				81EF6DE11CDDE85700FC9E70 /* Debug */,
				81EF6DE21CDDE85700FC9E70 /* Release */,
			);
			defaultConfigurationIsVisible = 0;
			defaultConfigurationName = Release;
		};
		81EF6DE31CDDE85700FC9E70 /* Build configuration list for PBXNativeTarget "应用内支付例子" */ = {
			isa = XCConfigurationList;
			buildConfigurations = (
				81EF6DE41CDDE85700FC9E70 /* Debug */,
				81EF6DE51CDDE85700FC9E70 /* Release */,
			);
			defaultConfigurationIsVisible = 0;
		};
/* End XCConfigurationList section */
	};
	rootObject = 81EF6DC41CDDE85700FC9E70 /* Project object */;
}
